
Microsoft Visual Studio Solution File, Format Version 12.00
# Visual Studio Version 17
VisualStudioVersion = 17.0.32014.148
MinimumVisualStudioVersion = 10.0.40219.1
Project("{2150E333-8FDC-42A3-9474-1A3956D46DE8}") = "Core", "Core", "{FD11A81B-C541-471D-BFE4-7178DF0F62D6}"
EndProject
Project("{9A19103F-16F7-4668-BE54-9A1E7A4F7556}") = "ETicaretAPI.Domain", "Core\ETicaretAPI.Domain\ETicaretAPI.Domain.csproj", "{22DEB458-CEC8-4C22-8C51-5874EAA9C1FF}"
EndProject
Project("{9A19103F-16F7-4668-BE54-9A1E7A4F7556}") = "ETicaretAPI.Application", "Core\ETicaretAPI.Application\ETicaretAPI.Application.csproj", "{37E29CE5-466C-42C3-97BA-5C6A791892D7}"
EndProject
Project("{2150E333-8FDC-42A3-9474-1A3956D46DE8}") = "Infrastructure", "Infrastructure", "{5FDF0CC9-A6E0-47A3-B16F-6ED6139445E7}"
EndProject
Project("{9A19103F-16F7-4668-BE54-9A1E7A4F7556}") = "ETicaretAPI.Infrastructure", "Infrastructure\ETicaretAPI.Infrastructure\ETicaretAPI.Infrastructure.csproj", "{B01FCAFC-CA43-4CEA-9587-AC80032B9B93}"
EndProject
Project("{9A19103F-16F7-4668-BE54-9A1E7A4F7556}") = "ETicaretAPI.Persistence", "Infrastructure\ETicaretAPI.Persistence\ETicaretAPI.Persistence.csproj", "{F3CE2B39-87FD-44B8-A12B-714D605DBE0B}"
EndProject
Project("{2150E333-8FDC-42A3-9474-1A3956D46DE8}") = "Presentation", "Presentation", "{CE9E2146-624C-41FD-BD16-F8EF2F6DD0ED}"
EndProject
Project("{FAE04EC0-301F-11D3-BF4B-00C04F79EFBC}") = "ETicaretAPI.API", "Presentation\ETicaretAPI.API\ETicaretAPI.API.csproj", "{959B293D-D736-4BDE-9153-9CBDBB70F4E9}"
EndProject
Global
	GlobalSection(SolutionConfigurationPlatforms) = preSolution
		Debug|Any CPU = Debug|Any CPU
		Release|Any CPU = Release|Any CPU
	EndGlobalSection
	GlobalSection(ProjectConfigurationPlatforms) = postSolution
		{22DEB458-CEC8-4C22-8C51-5874EAA9C1FF}.Debug|Any CPU.ActiveCfg = Debug|Any CPU
		{22DEB458-CEC8-4C22-8C51-5874EAA9C1FF}.Debug|Any CPU.Build.0 = Debug|Any CPU
		{22DEB458-CEC8-4C22-8C51-5874EAA9C1FF}.Release|Any CPU.ActiveCfg = Release|Any CPU
		{22DEB458-CEC8-4C22-8C51-5874EAA9C1FF}.Release|Any CPU.Build.0 = Release|Any CPU
		{37E29CE5-466C-42C3-97BA-5C6A791892D7}.Debug|Any CPU.ActiveCfg = Debug|Any CPU
		{37E29CE5-466C-42C3-97BA-5C6A791892D7}.Debug|Any CPU.Build.0 = Debug|Any CPU
		{37E29CE5-466C-42C3-97BA-5C6A791892D7}.Release|Any CPU.ActiveCfg = Release|Any CPU
		{37E29CE5-466C-42C3-97BA-5C6A791892D7}.Release|Any CPU.Build.0 = Release|Any CPU
		{B01FCAFC-CA43-4CEA-9587-AC80032B9B93}.Debug|Any CPU.ActiveCfg = Debug|Any CPU
		{B01FCAFC-CA43-4CEA-9587-AC80032B9B93}.Debug|Any CPU.Build.0 = Debug|Any CPU
		{B01FCAFC-CA43-4CEA-9587-AC80032B9B93}.Release|Any CPU.ActiveCfg = Release|Any CPU
		{B01FCAFC-CA43-4CEA-9587-AC80032B9B93}.Release|Any CPU.Build.0 = Release|Any CPU
		{F3CE2B39-87FD-44B8-A12B-714D605DBE0B}.Debug|Any CPU.ActiveCfg = Debug|Any CPU
		{F3CE2B39-87FD-44B8-A12B-714D605DBE0B}.Debug|Any CPU.Build.0 = Debug|Any CPU
		{F3CE2B39-87FD-44B8-A12B-714D605DBE0B}.Release|Any CPU.ActiveCfg = Release|Any CPU
		{F3CE2B39-87FD-44B8-A12B-714D605DBE0B}.Release|Any CPU.Build.0 = Release|Any CPU
		{959B293D-D736-4BDE-9153-9CBDBB70F4E9}.Debug|Any CPU.ActiveCfg = Debug|Any CPU
		{959B293D-D736-4BDE-9153-9CBDBB70F4E9}.Debug|Any CPU.Build.0 = Debug|Any CPU
		{959B293D-D736-4BDE-9153-9CBDBB70F4E9}.Release|Any CPU.ActiveCfg = Release|Any CPU
		{959B293D-D736-4BDE-9153-9CBDBB70F4E9}.Release|Any CPU.Build.0 = Release|Any CPU
	EndGlobalSection
	GlobalSection(SolutionProperties) = preSolution
		HideSolutionNode = FALSE
	EndGlobalSection
	GlobalSection(NestedProjects) = preSolution
		{22DEB458-CEC8-4C22-8C51-5874EAA9C1FF} = {FD11A81B-C541-471D-BFE4-7178DF0F62D6}
		{37E29CE5-466C-42C3-97BA-5C6A791892D7} = {FD11A81B-C541-471D-BFE4-7178DF0F62D6}
		{B01FCAFC-CA43-4CEA-9587-AC80032B9B93} = {5FDF0CC9-A6E0-47A3-B16F-6ED6139445E7}
		{F3CE2B39-87FD-44B8-A12B-714D605DBE0B} = {5FDF0CC9-A6E0-47A3-B16F-6ED6139445E7}
		{959B293D-D736-4BDE-9153-9CBDBB70F4E9} = {CE9E2146-624C-41FD-BD16-F8EF2F6DD0ED}
	EndGlobalSection
	GlobalSection(ExtensibilityGlobals) = postSolution
		SolutionGuid = {05C00F8C-D0D6-49FB-95ED-0AA4EFB24767}
	EndGlobalSection
EndGlobal
